// !$*UTF8*$!
{
	archiveVersion = 1;
	classes = {
	};
	objectVersion = 50;
	objects = {

/* Begin PBXBuildFile section */
		7CE10A9D27B5978900BD2D78 /* AppDelegate.swift in Sources */ = {isa = PBXBuildFile; fileRef = 7CE10A9C27B5978900BD2D78 /* AppDelegate.swift */; };
		7CE10A9F27B5978900BD2D78 /* SceneDelegate.swift in Sources */ = {isa = PBXBuildFile; fileRef = 7CE10A9E27B5978900BD2D78 /* SceneDelegate.swift */; };
		7CE10AA127B5978900BD2D78 /* ViewController.swift in Sources */ = {isa = PBXBuildFile; fileRef = 7CE10AA027B5978900BD2D78 /* ViewController.swift */; };
		7CE10AA427B5978900BD2D78 /* Main.storyboard in Resources */ = {isa = PBXBuildFile; fileRef = 7CE10AA227B5978900BD2D78 /* Main.storyboard */; };
		7CE10AA627B5978A00BD2D78 /* Assets.xcassets in Resources */ = {isa = PBXBuildFile; fileRef = 7CE10AA527B5978A00BD2D78 /* Assets.xcassets */; };
		7CE10AA927B5978A00BD2D78 /* LaunchScreen.storyboard in Resources */ = {isa = PBXBuildFile; fileRef = 7CE10AA727B5978A00BD2D78 /* LaunchScreen.storyboard */; };
/* End PBXBuildFile section */

/* Begin PBXFileReference section */
		7CE10A9927B5978900BD2D78 /* tinkoff-sirius-lab.app */ = {isa = PBXFileReference; explicitFileType = wrapper.application; includeInIndex = 0; path = "tinkoff-sirius-lab.app"; sourceTree = BUILT_PRODUCTS_DIR; };
		7CE10A9C27B5978900BD2D78 /* AppDelegate.swift */ = {isa = PBXFileReference; lastKnownFileType = sourcecode.swift; path = AppDelegate.swift; sourceTree = "<group>"; };
		7CE10A9E27B5978900BD2D78 /* SceneDelegate.swift */ = {isa = PBXFileReference; lastKnownFileType = sourcecode.swift; path = SceneDelegate.swift; sourceTree = "<group>"; };
		7CE10AA027B5978900BD2D78 /* ViewController.swift */ = {isa = PBXFileReference; lastKnownFileType = sourcecode.swift; path = ViewController.swift; sourceTree = "<group>"; };
		7CE10AA327B5978900BD2D78 /* Base */ = {isa = PBXFileReference; lastKnownFileType = file.storyboard; name = Base; path = Base.lproj/Main.storyboard; sourceTree = "<group>"; };
		7CE10AA527B5978A00BD2D78 /* Assets.xcassets */ = {isa = PBXFileReference; lastKnownFileType = folder.assetcatalog; path = Assets.xcassets; sourceTree = "<group>"; };
		7CE10AA827B5978A00BD2D78 /* Base */ = {isa = PBXFileReference; lastKnownFileType = file.storyboard; name = Base; path = Base.lproj/LaunchScreen.storyboard; sourceTree = "<group>"; };
		7CE10AAA27B5978A00BD2D78 /* Info.plist */ = {isa = PBXFileReference; lastKnownFileType = text.plist.xml; path = Info.plist; sourceTree = "<group>"; };
/* End PBXFileReference section */

/* Begin PBXFrameworksBuildPhase section */
		7CE10A9627B5978900BD2D78 /* Frameworks */ = {
			isa = PBXFrameworksBuildPhase;
			buildActionMask = 2147483647;
			files = (
			);
			runOnlyForDeploymentPostprocessing = 0;
		};
/* End PBXFrameworksBuildPhase section */

/* Begin PBXGroup section */
		7CE10A9027B5978900BD2D78 = {
			isa = PBXGroup;
			children = (
				7CE10A9B27B5978900BD2D78 /* tinkoff-sirius-lab */,
				7CE10A9A27B5978900BD2D78 /* Products */,
			);
			sourceTree = "<group>";
		};
		7CE10A9A27B5978900BD2D78 /* Products */ = {
			isa = PBXGroup;
			children = (
				7CE10A9927B5978900BD2D78 /* tinkoff-sirius-lab.app */,
			);
			name = Products;
			sourceTree = "<group>";
		};
		7CE10A9B27B5978900BD2D78 /* tinkoff-sirius-lab */ = {
			isa = PBXGroup;
			children = (
				7CE10A9C27B5978900BD2D78 /* AppDelegate.swift */,
				7CE10A9E27B5978900BD2D78 /* SceneDelegate.swift */,
				7CE10AA027B5978900BD2D78 /* ViewController.swift */,
				7CE10AA227B5978900BD2D78 /* Main.storyboard */,
				7CE10AA527B5978A00BD2D78 /* Assets.xcassets */,
				7CE10AA727B5978A00BD2D78 /* LaunchScreen.storyboard */,
				7CE10AAA27B5978A00BD2D78 /* Info.plist */,
			);
			path = "tinkoff-sirius-lab";
			sourceTree = "<group>";
		};
/* End PBXGroup section */

/* Begin PBXNativeTarget section */
		7CE10A9827B5978900BD2D78 /* tinkoff-sirius-lab */ = {
			isa = PBXNativeTarget;
			buildConfigurationList = 7CE10AAD27B5978A00BD2D78 /* Build configuration list for PBXNativeTarget "tinkoff-sirius-lab" */;
			buildPhases = (
				7CE10A9527B5978900BD2D78 /* Sources */,
				7CE10A9627B5978900BD2D78 /* Frameworks */,
				7CE10A9727B5978900BD2D78 /* Resources */,
			);
			buildRules = (
			);
			dependencies = (
			);
			name = "tinkoff-sirius-lab";
			productName = "tinkoff-sirius-lab";
			productReference = 7CE10A9927B5978900BD2D78 /* tinkoff-sirius-lab.app */;
			productType = "com.apple.product-type.application";
		};
/* End PBXNativeTarget section */

/* Begin PBXProject section */
		7CE10A9127B5978900BD2D78 /* Project object */ = {
			isa = PBXProject;
			attributes = {
				LastSwiftUpdateCheck = 1250;
				LastUpgradeCheck = 1250;
				TargetAttributes = {
					7CE10A9827B5978900BD2D78 = {
						CreatedOnToolsVersion = 12.5.1;
					};
				};
			};
			buildConfigurationList = 7CE10A9427B5978900BD2D78 /* Build configuration list for PBXProject "tinkoff-sirius-lab" */;
			compatibilityVersion = "Xcode 9.3";
			developmentRegion = en;
			hasScannedForEncodings = 0;
			knownRegions = (
				en,
				Base,
			);
			mainGroup = 7CE10A9027B5978900BD2D78;
			productRefGroup = 7CE10A9A27B5978900BD2D78 /* Products */;
			projectDirPath = "";
			projectRoot = "";
			targets = (
				7CE10A9827B5978900BD2D78 /* tinkoff-sirius-lab */,
			);
		};
/* End PBXProject section */

/* Begin PBXResourcesBuildPhase section */
		7CE10A9727B5978900BD2D78 /* Resources */ = {
			isa = PBXResourcesBuildPhase;
			buildActionMask = 2147483647;
			files = (
				7CE10AA927B5978A00BD2D78 /* LaunchScreen.storyboard in Resources */,
				7CE10AA627B5978A00BD2D78 /* Assets.xcassets in Resources */,
				7CE10AA427B5978900BD2D78 /* Main.storyboard in Resources */,
			);
			runOnlyForDeploymentPostprocessing = 0;
		};
/* End PBXResourcesBuildPhase section */

/* Begin PBXSourcesBuildPhase section */
		7CE10A9527B5978900BD2D78 /* Sources */ = {
			isa = PBXSourcesBuildPhase;
			buildActionMask = 2147483647;
			files = (
				7CE10AA127B5978900BD2D78 /* ViewController.swift in Sources */,
				7CE10A9D27B5978900BD2D78 /* AppDelegate.swift in Sources */,
				7CE10A9F27B5978900BD2D78 /* SceneDelegate.swift in Sources */,
			);
			runOnlyForDeploymentPostprocessing = 0;
		};
/* End PBXSourcesBuildPhase section */

/* Begin PBXVariantGroup section */
		7CE10AA227B5978900BD2D78 /* Main.storyboard */ = {
			isa = PBXVariantGroup;
			children = (
				7CE10AA327B5978900BD2D78 /* Base */,
			);
			name = Main.storyboard;
			sourceTree = "<group>";
		};
		7CE10AA727B5978A00BD2D78 /* LaunchScreen.storyboard */ = {
			isa = PBXVariantGroup;
			children = (
				7CE10AA827B5978A00BD2D78 /* Base */,
			);
			name = LaunchScreen.storyboard;
			sourceTree = "<group>";
		};
/* End PBXVariantGroup section */

/* Begin XCBuildConfiguration section */
		7CE10AAB27B5978A00BD2D78 /* Debug */ = {
			isa = XCBuildConfiguration;
			buildSettings = {
				ALWAYS_SEARCH_USER_PATHS = NO;
				CLANG_ANALYZER_NONNULL = YES;
				CLANG_ANALYZER_NUMBER_OBJECT_CONVERSION = YES_AGGRESSIVE;
				CLANG_CXX_LANGUAGE_STANDARD = "gnu++14";
				CLANG_CXX_LIBRARY = "libc++";
				CLANG_ENABLE_MODULES = YES;
				CLANG_ENABLE_OBJC_ARC = YES;
				CLANG_ENABLE_OBJC_WEAK = YES;
				CLANG_WARN_BLOCK_CAPTURE_AUTORELEASING = YES;
				CLANG_WARN_BOOL_CONVERSION = YES;
				CLANG_WARN_COMMA = YES;
				CLANG_WARN_CONSTANT_CONVERSION = YES;
				CLANG_WARN_DEPRECATED_OBJC_IMPLEMENTATIONS = YES;
				CLANG_WARN_DIRECT_OBJC_ISA_USAGE = YES_ERROR;
				CLANG_WARN_DOCUMENTATION_COMMENTS = YES;
				CLANG_WARN_EMPTY_BODY = YES;
				CLANG_WARN_ENUM_CONVERSION = YES;
				CLANG_WARN_INFINITE_RECURSION = YES;
				CLANG_WARN_INT_CONVERSION = YES;
				CLANG_WARN_NON_LITERAL_NULL_CONVERSION = YES;
				CLANG_WARN_OBJC_IMPLICIT_RETAIN_SELF = YES;
				CLANG_WARN_OBJC_LITERAL_CONVERSION = YES;
				CLANG_WARN_OBJC_ROOT_CLASS = YES_ERROR;
				CLANG_WARN_QUOTED_INCLUDE_IN_FRAMEWORK_HEADER = YES;
				CLANG_WARN_RANGE_LOOP_ANALYSIS = YES;
				CLANG_WARN_STRICT_PROTOTYPES = YES;
				CLANG_WARN_SUSPICIOUS_MOVE = YES;
				CLANG_WARN_UNGUARDED_AVAILABILITY = YES_AGGRESSIVE;
				CLANG_WARN_UNREACHABLE_CODE = YES;
				CLANG_WARN__DUPLICATE_METHOD_MATCH = YES;
				COPY_PHASE_STRIP = NO;
				DEBUG_INFORMATION_FORMAT = dwarf;
				ENABLE_STRICT_OBJC_MSGSEND = YES;
				ENABLE_TESTABILITY = YES;
				GCC_C_LANGUAGE_STANDARD = gnu11;
				GCC_DYNAMIC_NO_PIC = NO;
				GCC_NO_COMMON_BLOCKS = YES;
				GCC_OPTIMIZATION_LEVEL = 0;
				GCC_PREPROCESSOR_DEFINITIONS = (
					"DEBUG=1",
					"$(inherited)",
				);
				GCC_WARN_64_TO_32_BIT_CONVERSION = YES;
				GCC_WARN_ABOUT_RETURN_TYPE = YES_ERROR;
				GCC_WARN_UNDECLARED_SELECTOR = YES;
				GCC_WARN_UNINITIALIZED_AUTOS = YES_AGGRESSIVE;
				GCC_WARN_UNUSED_FUNCTION = YES;
				GCC_WARN_UNUSED_VARIABLE = YES;
				IPHONEOS_DEPLOYMENT_TARGET = 14.5;
				MTL_ENABLE_DEBUG_INFO = INCLUDE_SOURCE;
				MTL_FAST_MATH = YES;
				ONLY_ACTIVE_ARCH = YES;
				SDKROOT = iphoneos;
				SWIFT_ACTIVE_COMPILATION_CONDITIONS = DEBUG;
				SWIFT_OPTIMIZATION_LEVEL = "-Onone";
			};
			name = Debug;
		};
		7CE10AAC27B5978A00BD2D78 /* Release */ = {
			isa = XCBuildConfiguration;
			buildSettings = {
				ALWAYS_SEARCH_USER_PATHS = NO;
				CLANG_ANALYZER_NONNULL = YES;
				CLANG_ANALYZER_NUMBER_OBJECT_CONVERSION = YES_AGGRESSIVE;
				CLANG_CXX_LANGUAGE_STANDARD = "gnu++14";
				CLANG_CXX_LIBRARY = "libc++";
				CLANG_ENABLE_MODULES = YES;
				CLANG_ENABLE_OBJC_ARC = YES;
				CLANG_ENABLE_OBJC_WEAK = YES;
				CLANG_WARN_BLOCK_CAPTURE_AUTORELEASING = YES;
				CLANG_WARN_BOOL_CONVERSION = YES;
				CLANG_WARN_COMMA = YES;
				CLANG_WARN_CONSTANT_CONVERSION = YES;
				CLANG_WARN_DEPRECATED_OBJC_IMPLEMENTATIONS = YES;
				CLANG_WARN_DIRECT_OBJC_ISA_USAGE = YES_ERROR;
				CLANG_WARN_DOCUMENTATION_COMMENTS = YES;
				CLANG_WARN_EMPTY_BODY = YES;
				CLANG_WARN_ENUM_CONVERSION = YES;
				CLANG_WARN_INFINITE_RECURSION = YES;
				CLANG_WARN_INT_CONVERSION = YES;
				CLANG_WARN_NON_LITERAL_NULL_CONVERSION = YES;
				CLANG_WARN_OBJC_IMPLICIT_RETAIN_SELF = YES;
				CLANG_WARN_OBJC_LITERAL_CONVERSION = YES;
				CLANG_WARN_OBJC_ROOT_CLASS = YES_ERROR;
				CLANG_WARN_QUOTED_INCLUDE_IN_FRAMEWORK_HEADER = YES;
				CLANG_WARN_RANGE_LOOP_ANALYSIS = YES;
				CLANG_WARN_STRICT_PROTOTYPES = YES;
				CLANG_WARN_SUSPICIOUS_MOVE = YES;
				CLANG_WARN_UNGUARDED_AVAILABILITY = YES_AGGRESSIVE;
				CLANG_WARN_UNREACHABLE_CODE = YES;
				CLANG_WARN__DUPLICATE_METHOD_MATCH = YES;
				COPY_PHASE_STRIP = NO;
				DEBUG_INFORMATION_FORMAT = "dwarf-with-dsym";
				ENABLE_NS_ASSERTIONS = NO;
				ENABLE_STRICT_OBJC_MSGSEND = YES;
				GCC_C_LANGUAGE_STANDARD = gnu11;
				GCC_NO_COMMON_BLOCKS = YES;
				GCC_WARN_64_TO_32_BIT_CONVERSION = YES;
				GCC_WARN_ABOUT_RETURN_TYPE = YES_ERROR;
				GCC_WARN_UNDECLARED_SELECTOR = YES;
				GCC_WARN_UNINITIALIZED_AUTOS = YES_AGGRESSIVE;
				GCC_WARN_UNUSED_FUNCTION = YES;
				GCC_WARN_UNUSED_VARIABLE = YES;
				IPHONEOS_DEPLOYMENT_TARGET = 14.5;
				MTL_ENABLE_DEBUG_INFO = NO;
				MTL_FAST_MATH = YES;
				SDKROOT = iphoneos;
				SWIFT_COMPILATION_MODE = wholemodule;
				SWIFT_OPTIMIZATION_LEVEL = "-O";
				VALIDATE_PRODUCT = YES;
			};
			name = Release;
		};
		7CE10AAE27B5978A00BD2D78 /* Debug */ = {
			isa = XCBuildConfiguration;
			buildSettings = {
				ASSETCATALOG_COMPILER_APPICON_NAME = AppIcon;
				ASSETCATALOG_COMPILER_GLOBAL_ACCENT_COLOR_NAME = AccentColor;
				CODE_SIGN_STYLE = Automatic;
				INFOPLIST_FILE = "tinkoff-sirius-lab/Info.plist";
				LD_RUNPATH_SEARCH_PATHS = (
					"$(inherited)",
					"@executable_path/Frameworks",
				);
				PRODUCT_BUNDLE_IDENTIFIER = "Me.tinkoff-sirius-lab";
				PRODUCT_NAME = "$(TARGET_NAME)";
				SWIFT_VERSION = 5.0;
				TARGETED_DEVICE_FAMILY = "1,2";
			};
			name = Debug;
		};
		7CE10AAF27B5978A00BD2D78 /* Release */ = {
			isa = XCBuildConfiguration;
			buildSettings = {
				ASSETCATALOG_COMPILER_APPICON_NAME = AppIcon;
				ASSETCATALOG_COMPILER_GLOBAL_ACCENT_COLOR_NAME = AccentColor;
				CODE_SIGN_STYLE = Automatic;
				INFOPLIST_FILE = "tinkoff-sirius-lab/Info.plist";
				LD_RUNPATH_SEARCH_PATHS = (
					"$(inherited)",
					"@executable_path/Frameworks",
				);
				PRODUCT_BUNDLE_IDENTIFIER = "Me.tinkoff-sirius-lab";
				PRODUCT_NAME = "$(TARGET_NAME)";
				SWIFT_VERSION = 5.0;
				TARGETED_DEVICE_FAMILY = "1,2";
			};
			name = Release;
		};
/* End XCBuildConfiguration section */

/* Begin XCConfigurationList section */
		7CE10A9427B5978900BD2D78 /* Build configuration list for PBXProject "tinkoff-sirius-lab" */ = {
			isa = XCConfigurationList;
			buildConfigurations = (
				7CE10AAB27B5978A00BD2D78 /* Debug */,
				7CE10AAC27B5978A00BD2D78 /* Release */,
			);
			defaultConfigurationIsVisible = 0;
			defaultConfigurationName = Release;
		};
		7CE10AAD27B5978A00BD2D78 /* Build configuration list for PBXNativeTarget "tinkoff-sirius-lab" */ = {
			isa = XCConfigurationList;
			buildConfigurations = (
				7CE10AAE27B5978A00BD2D78 /* Debug */,
				7CE10AAF27B5978A00BD2D78 /* Release */,
			);
			defaultConfigurationIsVisible = 0;
			defaultConfigurationName = Release;
		};
/* End XCConfigurationList section */
	};
	rootObject = 7CE10A9127B5978900BD2D78 /* Project object */;
}
